<?xml version="1.0" encoding="utf-8"?>
<Project ToolsVersion="4.0" xmlns="http://schemas.microsoft.com/developer/msbuild/2003">
  <ItemGroup>
    <Filter Include="Mayhem">
      <UniqueIdentifier>{C6A79BC2-B249-C698-9B04-DAEC87454DE9}</UniqueIdentifier>
    </Filter>
  </ItemGroup>
  <ItemGroup>
    <ClInclude Include="src\Mayhem.h" />
    <ClInclude Include="src\Mayhem\Application.h">
      <Filter>Mayhem</Filter>
    </ClInclude>
    <ClInclude Include="src\Mayhem\Core.h">
      <Filter>Mayhem</Filter>
    </ClInclude>
    <ClInclude Include="src\Mayhem\EntryPoint.h">
      <Filter>Mayhem</Filter>
    </ClInclude>
    <ClInclude Include="src\Mayhem\Log.h">
      <Filter>Mayhem</Filter>
    </ClInclude>
  </ItemGroup>
  <ItemGroup>
    <ClCompile Include="src\Mayhem\Application.cpp">
      <Filter>Mayhem</Filter>
    </ClCompile>
    <ClCompile Include="src\Mayhem\Log.cpp">
      <Filter>Mayhem</Filter>
    </ClCompile>
  </ItemGroup>
</Project>