<?xml version="1.0" encoding="utf-8"?>
<Project ToolsVersion="4.0" xmlns="http://schemas.microsoft.com/developer/msbuild/2003">
  <ItemGroup>
    <Filter Include="Mayhem">
      <UniqueIdentifier>{C6A79BC2-B249-C698-9B04-DAEC87454DE9}</UniqueIdentifier>
    </Filter>
    <Filter Include="Mayhem\Events">
      <UniqueIdentifier>{EA187ADE-56D9-F514-1F14-3F928B933AF1}</UniqueIdentifier>
    </Filter>
    <Filter Include="Mayhem\Util">
      <UniqueIdentifier>{D38A5CFA-3F40-D5EF-C834-CFC634E9CBF3}</UniqueIdentifier>
    </Filter>
  </ItemGroup>
  <ItemGroup>
    <ClInclude Include="src\Mayhem.h" />
    <ClInclude Include="src\Mayhem\Application.h">
      <Filter>Mayhem</Filter>
    </ClInclude>
    <ClInclude Include="src\Mayhem\Core.h">
      <Filter>Mayhem</Filter>
    </ClInclude>
    <ClInclude Include="src\Mayhem\EntryPoint.h">
      <Filter>Mayhem</Filter>
    </ClInclude>
    <ClInclude Include="src\Mayhem\Events\Event.h">
      <Filter>Mayhem\Events</Filter>
    </ClInclude>
    <ClInclude Include="src\Mayhem\Log.h">
      <Filter>Mayhem</Filter>
    </ClInclude>
    <ClInclude Include="src\Mayhem\Util\UtilMath.h">
      <Filter>Mayhem\Util</Filter>
    </ClInclude>
    <ClInclude Include="src\Mayhem\Util\Vector2D.h">
      <Filter>Mayhem\Util</Filter>
    </ClInclude>
    <ClInclude Include="src\Mayhem\Util\Vector3D.h">
      <Filter>Mayhem\Util</Filter>
    </ClInclude>
    <ClInclude Include="src\Mayhem\Events\KeyEvent.h" />
    <ClInclude Include="src\Mayhem\Events\MouseEvent.h" />
    <ClInclude Include="src\Mayhem\Events\ApplicationEvent.h" />
  </ItemGroup>
  <ItemGroup>
    <ClCompile Include="src\Mayhem\Application.cpp">
      <Filter>Mayhem</Filter>
    </ClCompile>
    <ClCompile Include="src\Mayhem\Log.cpp">
      <Filter>Mayhem</Filter>
    </ClCompile>
    <ClCompile Include="src\Mayhem\Util\Math.cpp">
      <Filter>Mayhem\Util</Filter>
    </ClCompile>
    <ClCompile Include="src\Mayhem\Util\Vector2D.cpp">
      <Filter>Mayhem\Util</Filter>
    </ClCompile>
    <ClCompile Include="src\Mayhem\Util\Vector3D.cpp">
      <Filter>Mayhem\Util</Filter>
    </ClCompile>
  </ItemGroup>
</Project>