<?xml version="1.0" encoding="utf-8"?>
<Project ToolsVersion="4.0" xmlns="http://schemas.microsoft.com/developer/msbuild/2003">
  <ItemGroup>
    <Filter Include="Mayhem">
      <UniqueIdentifier>{C6A79BC2-B249-C698-9B04-DAEC87454DE9}</UniqueIdentifier>
    </Filter>
    <Filter Include="Mayhem\Events">
      <UniqueIdentifier>{EA187ADE-56D9-F514-1F14-3F928B933AF1}</UniqueIdentifier>
    </Filter>
    <Filter Include="Mayhem\ImGui">
      <UniqueIdentifier>{70591045-5CBC-9FE9-0542-D89FF1836B6C}</UniqueIdentifier>
    </Filter>
    <Filter Include="Mayhem\Util">
      <UniqueIdentifier>{D38A5CFA-3F40-D5EF-C834-CFC634E9CBF3}</UniqueIdentifier>
    </Filter>
    <Filter Include="Platform">
      <UniqueIdentifier>{2AC788B4-1694-E3BF-3FAD-D1672BD9184E}</UniqueIdentifier>
    </Filter>
    <Filter Include="Platform\OpenGL">
      <UniqueIdentifier>{1E7D2C1D-8A08-9AE1-9319-1DD6FF23F6E1}</UniqueIdentifier>
    </Filter>
    <Filter Include="Platform\Windows">
      <UniqueIdentifier>{64FBD71A-50F4-F66C-7926-DCF1657ED678}</UniqueIdentifier>
    </Filter>
  </ItemGroup>
  <ItemGroup>
    <ClInclude Include="src\Mayhem.h" />
    <ClInclude Include="src\Mayhem\Application.h">
      <Filter>Mayhem</Filter>
    </ClInclude>
    <ClInclude Include="src\Mayhem\Core.h">
      <Filter>Mayhem</Filter>
    </ClInclude>
    <ClInclude Include="src\Mayhem\EntryPoint.h">
      <Filter>Mayhem</Filter>
    </ClInclude>
    <ClInclude Include="src\Mayhem\Events\ApplicationEvent.h">
      <Filter>Mayhem\Events</Filter>
    </ClInclude>
    <ClInclude Include="src\Mayhem\Events\Event.h">
      <Filter>Mayhem\Events</Filter>
    </ClInclude>
    <ClInclude Include="src\Mayhem\Events\KeyEvent.h">
      <Filter>Mayhem\Events</Filter>
    </ClInclude>
    <ClInclude Include="src\Mayhem\Events\MouseEvent.h">
      <Filter>Mayhem\Events</Filter>
    </ClInclude>
    <ClInclude Include="src\Mayhem\ImGui\ImGuiLayer.h">
      <Filter>Mayhem\ImGui</Filter>
    </ClInclude>
    <ClInclude Include="src\Mayhem\Layer.h">
      <Filter>Mayhem</Filter>
    </ClInclude>
    <ClInclude Include="src\Mayhem\LayerStack.h">
      <Filter>Mayhem</Filter>
    </ClInclude>
    <ClInclude Include="src\Mayhem\Log.h">
      <Filter>Mayhem</Filter>
    </ClInclude>
    <ClInclude Include="src\Mayhem\Util\UtilMath.h">
      <Filter>Mayhem\Util</Filter>
    </ClInclude>
    <ClInclude Include="src\Mayhem\Util\Vector2D.h">
      <Filter>Mayhem\Util</Filter>
    </ClInclude>
    <ClInclude Include="src\Mayhem\Util\Vector3D.h">
      <Filter>Mayhem\Util</Filter>
    </ClInclude>
    <ClInclude Include="src\Mayhem\Window.h">
      <Filter>Mayhem</Filter>
    </ClInclude>
    <ClInclude Include="src\Platform\OpenGL\ImGuiOpenGLRenderer.h">
      <Filter>Platform\OpenGL</Filter>
    </ClInclude>
    <ClInclude Include="src\Platform\Windows\WindowsWindow.h">
      <Filter>Platform\Windows</Filter>
    </ClInclude>
    <ClInclude Include="src\mpch.h" />
  </ItemGroup>
  <ItemGroup>
    <ClCompile Include="src\Mayhem\Application.cpp">
      <Filter>Mayhem</Filter>
    </ClCompile>
    <ClCompile Include="src\Mayhem\ImGui\ImGuiLayer.cpp">
      <Filter>Mayhem\ImGui</Filter>
    </ClCompile>
    <ClCompile Include="src\Mayhem\Layer.cpp">
      <Filter>Mayhem</Filter>
    </ClCompile>
    <ClCompile Include="src\Mayhem\LayerStack.cpp">
      <Filter>Mayhem</Filter>
    </ClCompile>
    <ClCompile Include="src\Mayhem\Log.cpp">
      <Filter>Mayhem</Filter>
    </ClCompile>
    <ClCompile Include="src\Mayhem\Util\Math.cpp">
      <Filter>Mayhem\Util</Filter>
    </ClCompile>
    <ClCompile Include="src\Mayhem\Util\Vector2D.cpp">
      <Filter>Mayhem\Util</Filter>
    </ClCompile>
    <ClCompile Include="src\Mayhem\Util\Vector3D.cpp">
      <Filter>Mayhem\Util</Filter>
    </ClCompile>
    <ClCompile Include="src\Platform\OpenGL\ImGuiOpenGLRenderer.cpp">
      <Filter>Platform\OpenGL</Filter>
    </ClCompile>
    <ClCompile Include="src\Platform\Windows\WindowsWindow.cpp">
      <Filter>Platform\Windows</Filter>
    </ClCompile>
    <ClCompile Include="src\mpch.cpp" />
  </ItemGroup>
</Project>